
Microsoft Visual Studio Solution File, Format Version 12.00
Project("{FAE04EC0-301F-11D3-BF4B-00C04F79EFBC}") = "Isu", "Isu\Isu.csproj", "{F86AAA27-52DF-4F00-8905-C385FCA7F4A8}"
EndProject
Project("{FAE04EC0-301F-11D3-BF4B-00C04F79EFBC}") = "Isu.Tests", "Isu.Tests\Isu.Tests.csproj", "{1E3AAEAD-76D3-4F31-91B4-1E3131E7A434}"
EndProject
Global
	GlobalSection(SolutionConfigurationPlatforms) = preSolution
		Debug|Any CPU = Debug|Any CPU
		Release|Any CPU = Release|Any CPU
	EndGlobalSection
	GlobalSection(ProjectConfigurationPlatforms) = postSolution
		{F86AAA27-52DF-4F00-8905-C385FCA7F4A8}.Debug|Any CPU.ActiveCfg = Debug|Any CPU
		{F86AAA27-52DF-4F00-8905-C385FCA7F4A8}.Debug|Any CPU.Build.0 = Debug|Any CPU
		{F86AAA27-52DF-4F00-8905-C385FCA7F4A8}.Release|Any CPU.ActiveCfg = Release|Any CPU
		{F86AAA27-52DF-4F00-8905-C385FCA7F4A8}.Release|Any CPU.Build.0 = Release|Any CPU
		{1E3AAEAD-76D3-4F31-91B4-1E3131E7A434}.Debug|Any CPU.ActiveCfg = Debug|Any CPU
		{1E3AAEAD-76D3-4F31-91B4-1E3131E7A434}.Debug|Any CPU.Build.0 = Debug|Any CPU
		{1E3AAEAD-76D3-4F31-91B4-1E3131E7A434}.Release|Any CPU.ActiveCfg = Release|Any CPU
		{1E3AAEAD-76D3-4F31-91B4-1E3131E7A434}.Release|Any CPU.Build.0 = Release|Any CPU
	EndGlobalSection
EndGlobal
